
Microsoft Visual Studio Solution File, Format Version 12.00
# Visual Studio Version 17
VisualStudioVersion = 17.6.33829.357
MinimumVisualStudioVersion = 10.0.40219.1
Project("{FAE04EC0-301F-11D3-BF4B-00C04F79EFBC}") = "KSubsets", "KSubsets\KSubsets.csproj", "{F95BF8B3-2A68-446F-85E8-6987F46B7D69}"
EndProject
Global
	GlobalSection(SolutionConfigurationPlatforms) = preSolution
		Debug|Any CPU = Debug|Any CPU
		Release|Any CPU = Release|Any CPU
	EndGlobalSection
	GlobalSection(ProjectConfigurationPlatforms) = postSolution
		{F95BF8B3-2A68-446F-85E8-6987F46B7D69}.Debug|Any CPU.ActiveCfg = Debug|Any CPU
		{F95BF8B3-2A68-446F-85E8-6987F46B7D69}.Debug|Any CPU.Build.0 = Debug|Any CPU
		{F95BF8B3-2A68-446F-85E8-6987F46B7D69}.Release|Any CPU.ActiveCfg = Release|Any CPU
		{F95BF8B3-2A68-446F-85E8-6987F46B7D69}.Release|Any CPU.Build.0 = Release|Any CPU
	EndGlobalSection
	GlobalSection(SolutionProperties) = preSolution
		HideSolutionNode = FALSE
	EndGlobalSection
	GlobalSection(ExtensibilityGlobals) = postSolution
		SolutionGuid = {6F8BC7E6-32C9-4FE3-8D49-7FDE13FCF85A}
	EndGlobalSection
EndGlobal
